// !$*UTF8*$!
{
	archiveVersion = 1;
	classes = {
	};
	objectVersion = 46;
	objects = {

/* Begin PBXBuildFile section */
		CE75414C1701F3C7007E8B8A /* UIKit.framework in Frameworks */ = {isa = PBXBuildFile; fileRef = CE75414B1701F3C7007E8B8A /* UIKit.framework */; };
		CE75414E1701F3C7007E8B8A /* Foundation.framework in Frameworks */ = {isa = PBXBuildFile; fileRef = CE75414D1701F3C7007E8B8A /* Foundation.framework */; };
		CE7541501701F3C7007E8B8A /* CoreGraphics.framework in Frameworks */ = {isa = PBXBuildFile; fileRef = CE75414F1701F3C7007E8B8A /* CoreGraphics.framework */; };
		CE7541561701F3C7007E8B8A /* InfoPlist.strings in Resources */ = {isa = PBXBuildFile; fileRef = CE7541541701F3C7007E8B8A /* InfoPlist.strings */; };
		CE7541581701F3C7007E8B8A /* main.m in Sources */ = {isa = PBXBuildFile; fileRef = CE7541571701F3C7007E8B8A /* main.m */; };
		CE75415C1701F3C7007E8B8A /* AppDelegate.m in Sources */ = {isa = PBXBuildFile; fileRef = CE75415B1701F3C7007E8B8A /* AppDelegate.m */; };
		CE75415E1701F3C7007E8B8A /* Default.png in Resources */ = {isa = PBXBuildFile; fileRef = CE75415D1701F3C7007E8B8A /* Default.png */; };
		CE7541601701F3C7007E8B8A /* Default@2x.png in Resources */ = {isa = PBXBuildFile; fileRef = CE75415F1701F3C7007E8B8A /* Default@2x.png */; };
		CE7541621701F3C7007E8B8A /* Default-568h@2x.png in Resources */ = {isa = PBXBuildFile; fileRef = CE7541611701F3C7007E8B8A /* Default-568h@2x.png */; };
		CE7541651701F3C7007E8B8A /* ViewController.m in Sources */ = {isa = PBXBuildFile; fileRef = CE7541641701F3C7007E8B8A /* ViewController.m */; };
		CE7541681701F3C7007E8B8A /* ViewController_iPhone.xib in Resources */ = {isa = PBXBuildFile; fileRef = CE7541661701F3C7007E8B8A /* ViewController_iPhone.xib */; };
		CE75416B1701F3C7007E8B8A /* ViewController_iPad.xib in Resources */ = {isa = PBXBuildFile; fileRef = CE7541691701F3C7007E8B8A /* ViewController_iPad.xib */; };
/* End PBXBuildFile section */

/* Begin PBXFileReference section */
		CE7541471701F3C7007E8B8A /* browser.app */ = {isa = PBXFileReference; explicitFileType = wrapper.application; includeInIndex = 0; path = browser.app; sourceTree = BUILT_PRODUCTS_DIR; };
		CE75414B1701F3C7007E8B8A /* UIKit.framework */ = {isa = PBXFileReference; lastKnownFileType = wrapper.framework; name = UIKit.framework; path = System/Library/Frameworks/UIKit.framework; sourceTree = SDKROOT; };
		CE75414D1701F3C7007E8B8A /* Foundation.framework */ = {isa = PBXFileReference; lastKnownFileType = wrapper.framework; name = Foundation.framework; path = System/Library/Frameworks/Foundation.framework; sourceTree = SDKROOT; };
		CE75414F1701F3C7007E8B8A /* CoreGraphics.framework */ = {isa = PBXFileReference; lastKnownFileType = wrapper.framework; name = CoreGraphics.framework; path = System/Library/Frameworks/CoreGraphics.framework; sourceTree = SDKROOT; };
		CE7541531701F3C7007E8B8A /* browser-Info.plist */ = {isa = PBXFileReference; lastKnownFileType = text.plist.xml; path = "browser-Info.plist"; sourceTree = "<group>"; };
		CE7541551701F3C7007E8B8A /* en */ = {isa = PBXFileReference; lastKnownFileType = text.plist.strings; name = en; path = en.lproj/InfoPlist.strings; sourceTree = "<group>"; };
		CE7541571701F3C7007E8B8A /* main.m */ = {isa = PBXFileReference; lastKnownFileType = sourcecode.c.objc; path = main.m; sourceTree = "<group>"; };
		CE7541591701F3C7007E8B8A /* browser-Prefix.pch */ = {isa = PBXFileReference; lastKnownFileType = sourcecode.c.h; path = "browser-Prefix.pch"; sourceTree = "<group>"; };
		CE75415A1701F3C7007E8B8A /* AppDelegate.h */ = {isa = PBXFileReference; lastKnownFileType = sourcecode.c.h; path = AppDelegate.h; sourceTree = "<group>"; };
		CE75415B1701F3C7007E8B8A /* AppDelegate.m */ = {isa = PBXFileReference; lastKnownFileType = sourcecode.c.objc; path = AppDelegate.m; sourceTree = "<group>"; };
		CE75415D1701F3C7007E8B8A /* Default.png */ = {isa = PBXFileReference; lastKnownFileType = image.png; path = Default.png; sourceTree = "<group>"; };
		CE75415F1701F3C7007E8B8A /* Default@2x.png */ = {isa = PBXFileReference; lastKnownFileType = image.png; path = "Default@2x.png"; sourceTree = "<group>"; };
		CE7541611701F3C7007E8B8A /* Default-568h@2x.png */ = {isa = PBXFileReference; lastKnownFileType = image.png; path = "Default-568h@2x.png"; sourceTree = "<group>"; };
		CE7541631701F3C7007E8B8A /* ViewController.h */ = {isa = PBXFileReference; lastKnownFileType = sourcecode.c.h; path = ViewController.h; sourceTree = "<group>"; };
		CE7541641701F3C7007E8B8A /* ViewController.m */ = {isa = PBXFileReference; lastKnownFileType = sourcecode.c.objc; path = ViewController.m; sourceTree = "<group>"; };
		CE7541671701F3C7007E8B8A /* en */ = {isa = PBXFileReference; lastKnownFileType = file.xib; name = en; path = en.lproj/ViewController_iPhone.xib; sourceTree = "<group>"; };
		CE75416A1701F3C7007E8B8A /* en */ = {isa = PBXFileReference; lastKnownFileType = file.xib; name = en; path = en.lproj/ViewController_iPad.xib; sourceTree = "<group>"; };
/* End PBXFileReference section */

/* Begin PBXFrameworksBuildPhase section */
		CE7541441701F3C7007E8B8A /* Frameworks */ = {
			isa = PBXFrameworksBuildPhase;
			buildActionMask = 2147483647;
			files = (
				CE75414C1701F3C7007E8B8A /* UIKit.framework in Frameworks */,
				CE75414E1701F3C7007E8B8A /* Foundation.framework in Frameworks */,
				CE7541501701F3C7007E8B8A /* CoreGraphics.framework in Frameworks */,
			);
			runOnlyForDeploymentPostprocessing = 0;
		};
/* End PBXFrameworksBuildPhase section */

/* Begin PBXGroup section */
		CE75413C1701F3C7007E8B8A = {
			isa = PBXGroup;
			children = (
				CE7541511701F3C7007E8B8A /* browser */,
				CE75414A1701F3C7007E8B8A /* Frameworks */,
				CE7541481701F3C7007E8B8A /* Products */,
			);
			sourceTree = "<group>";
		};
		CE7541481701F3C7007E8B8A /* Products */ = {
			isa = PBXGroup;
			children = (
				CE7541471701F3C7007E8B8A /* browser.app */,
			);
			name = Products;
			sourceTree = "<group>";
		};
		CE75414A1701F3C7007E8B8A /* Frameworks */ = {
			isa = PBXGroup;
			children = (
				CE75414B1701F3C7007E8B8A /* UIKit.framework */,
				CE75414D1701F3C7007E8B8A /* Foundation.framework */,
				CE75414F1701F3C7007E8B8A /* CoreGraphics.framework */,
			);
			name = Frameworks;
			sourceTree = "<group>";
		};
		CE7541511701F3C7007E8B8A /* browser */ = {
			isa = PBXGroup;
			children = (
				CE75415A1701F3C7007E8B8A /* AppDelegate.h */,
				CE75415B1701F3C7007E8B8A /* AppDelegate.m */,
				CE7541631701F3C7007E8B8A /* ViewController.h */,
				CE7541641701F3C7007E8B8A /* ViewController.m */,
				CE7541661701F3C7007E8B8A /* ViewController_iPhone.xib */,
				CE7541691701F3C7007E8B8A /* ViewController_iPad.xib */,
				CE7541521701F3C7007E8B8A /* Supporting Files */,
			);
			path = browser;
			sourceTree = "<group>";
		};
		CE7541521701F3C7007E8B8A /* Supporting Files */ = {
			isa = PBXGroup;
			children = (
				CE7541531701F3C7007E8B8A /* browser-Info.plist */,
				CE7541541701F3C7007E8B8A /* InfoPlist.strings */,
				CE7541571701F3C7007E8B8A /* main.m */,
				CE7541591701F3C7007E8B8A /* browser-Prefix.pch */,
				CE75415D1701F3C7007E8B8A /* Default.png */,
				CE75415F1701F3C7007E8B8A /* Default@2x.png */,
				CE7541611701F3C7007E8B8A /* Default-568h@2x.png */,
			);
			name = "Supporting Files";
			sourceTree = "<group>";
		};
/* End PBXGroup section */

/* Begin PBXNativeTarget section */
		CE7541461701F3C7007E8B8A /* browser */ = {
			isa = PBXNativeTarget;
			buildConfigurationList = CE75416E1701F3C7007E8B8A /* Build configuration list for PBXNativeTarget "browser" */;
			buildPhases = (
				CE7541431701F3C7007E8B8A /* Sources */,
				CE7541441701F3C7007E8B8A /* Frameworks */,
				CE7541451701F3C7007E8B8A /* Resources */,
			);
			buildRules = (
			);
			dependencies = (
			);
			name = browser;
			productName = browser;
			productReference = CE7541471701F3C7007E8B8A /* browser.app */;
			productType = "com.apple.product-type.application";
		};
/* End PBXNativeTarget section */

/* Begin PBXProject section */
		CE75413E1701F3C7007E8B8A /* Project object */ = {
			isa = PBXProject;
			attributes = {
				LastUpgradeCheck = 0450;
				ORGANIZATIONNAME = Admin;
			};
			buildConfigurationList = CE7541411701F3C7007E8B8A /* Build configuration list for PBXProject "browser" */;
			compatibilityVersion = "Xcode 3.2";
			developmentRegion = English;
			hasScannedForEncodings = 0;
			knownRegions = (
				en,
			);
			mainGroup = CE75413C1701F3C7007E8B8A;
			productRefGroup = CE7541481701F3C7007E8B8A /* Products */;
			projectDirPath = "";
			projectRoot = "";
			targets = (
				CE7541461701F3C7007E8B8A /* browser */,
			);
		};
/* End PBXProject section */

/* Begin PBXResourcesBuildPhase section */
		CE7541451701F3C7007E8B8A /* Resources */ = {
			isa = PBXResourcesBuildPhase;
			buildActionMask = 2147483647;
			files = (
				CE7541561701F3C7007E8B8A /* InfoPlist.strings in Resources */,
				CE75415E1701F3C7007E8B8A /* Default.png in Resources */,
				CE7541601701F3C7007E8B8A /* Default@2x.png in Resources */,
				CE7541621701F3C7007E8B8A /* Default-568h@2x.png in Resources */,
				CE7541681701F3C7007E8B8A /* ViewController_iPhone.xib in Resources */,
				CE75416B1701F3C7007E8B8A /* ViewController_iPad.xib in Resources */,
			);
			runOnlyForDeploymentPostprocessing = 0;
		};
/* End PBXResourcesBuildPhase section */

/* Begin PBXSourcesBuildPhase section */
		CE7541431701F3C7007E8B8A /* Sources */ = {
			isa = PBXSourcesBuildPhase;
			buildActionMask = 2147483647;
			files = (
				CE7541581701F3C7007E8B8A /* main.m in Sources */,
				CE75415C1701F3C7007E8B8A /* AppDelegate.m in Sources */,
				CE7541651701F3C7007E8B8A /* ViewController.m in Sources */,
			);
			runOnlyForDeploymentPostprocessing = 0;
		};
/* End PBXSourcesBuildPhase section */

/* Begin PBXVariantGroup section */
		CE7541541701F3C7007E8B8A /* InfoPlist.strings */ = {
			isa = PBXVariantGroup;
			children = (
				CE7541551701F3C7007E8B8A /* en */,
			);
			name = InfoPlist.strings;
			sourceTree = "<group>";
		};
		CE7541661701F3C7007E8B8A /* ViewController_iPhone.xib */ = {
			isa = PBXVariantGroup;
			children = (
				CE7541671701F3C7007E8B8A /* en */,
			);
			name = ViewController_iPhone.xib;
			sourceTree = "<group>";
		};
		CE7541691701F3C7007E8B8A /* ViewController_iPad.xib */ = {
			isa = PBXVariantGroup;
			children = (
				CE75416A1701F3C7007E8B8A /* en */,
			);
			name = ViewController_iPad.xib;
			sourceTree = "<group>";
		};
/* End PBXVariantGroup section */

/* Begin XCBuildConfiguration section */
		CE75416C1701F3C7007E8B8A /* Debug */ = {
			isa = XCBuildConfiguration;
			buildSettings = {
				ALWAYS_SEARCH_USER_PATHS = NO;
				CLANG_CXX_LANGUAGE_STANDARD = "gnu++0x";
				CLANG_CXX_LIBRARY = "libc++";
				CLANG_WARN_EMPTY_BODY = YES;
				CLANG_WARN__DUPLICATE_METHOD_MATCH = YES;
				"CODE_SIGN_IDENTITY[sdk=iphoneos*]" = "iPhone Developer";
				COPY_PHASE_STRIP = NO;
				GCC_C_LANGUAGE_STANDARD = gnu99;
				GCC_DYNAMIC_NO_PIC = NO;
				GCC_OPTIMIZATION_LEVEL = 0;
				GCC_PREPROCESSOR_DEFINITIONS = (
					"DEBUG=1",
					"$(inherited)",
				);
				GCC_SYMBOLS_PRIVATE_EXTERN = NO;
				GCC_WARN_ABOUT_RETURN_TYPE = YES;
				GCC_WARN_UNINITIALIZED_AUTOS = YES;
				GCC_WARN_UNUSED_VARIABLE = YES;
				IPHONEOS_DEPLOYMENT_TARGET = 6.0;
				ONLY_ACTIVE_ARCH = YES;
				SDKROOT = iphoneos;
				TARGETED_DEVICE_FAMILY = "1,2";
			};
			name = Debug;
		};
		CE75416D1701F3C7007E8B8A /* Release */ = {
			isa = XCBuildConfiguration;
			buildSettings = {
				ALWAYS_SEARCH_USER_PATHS = NO;
				CLANG_CXX_LANGUAGE_STANDARD = "gnu++0x";
				CLANG_CXX_LIBRARY = "libc++";
				CLANG_WARN_EMPTY_BODY = YES;
				CLANG_WARN__DUPLICATE_METHOD_MATCH = YES;
				"CODE_SIGN_IDENTITY[sdk=iphoneos*]" = "iPhone Developer";
				COPY_PHASE_STRIP = YES;
				GCC_C_LANGUAGE_STANDARD = gnu99;
				GCC_WARN_ABOUT_RETURN_TYPE = YES;
				GCC_WARN_UNINITIALIZED_AUTOS = YES;
				GCC_WARN_UNUSED_VARIABLE = YES;
				IPHONEOS_DEPLOYMENT_TARGET = 6.0;
				OTHER_CFLAGS = "-DNS_BLOCK_ASSERTIONS=1";
				SDKROOT = iphoneos;
				TARGETED_DEVICE_FAMILY = "1,2";
				VALIDATE_PRODUCT = YES;
			};
			name = Release;
		};
		CE75416F1701F3C7007E8B8A /* Debug */ = {
			isa = XCBuildConfiguration;
			buildSettings = {
				GCC_PRECOMPILE_PREFIX_HEADER = YES;
				GCC_PREFIX_HEADER = "browser/browser-Prefix.pch";
				INFOPLIST_FILE = "browser/browser-Info.plist";
				PRODUCT_NAME = "$(TARGET_NAME)";
				WRAPPER_EXTENSION = app;
			};
			name = Debug;
		};
		CE7541701701F3C7007E8B8A /* Release */ = {
			isa = XCBuildConfiguration;
			buildSettings = {
				GCC_PRECOMPILE_PREFIX_HEADER = YES;
				GCC_PREFIX_HEADER = "browser/browser-Prefix.pch";
				INFOPLIST_FILE = "browser/browser-Info.plist";
				PRODUCT_NAME = "$(TARGET_NAME)";
				WRAPPER_EXTENSION = app;
			};
			name = Release;
		};
/* End XCBuildConfiguration section */

/* Begin XCConfigurationList section */
		CE7541411701F3C7007E8B8A /* Build configuration list for PBXProject "browser" */ = {
			isa = XCConfigurationList;
			buildConfigurations = (
				CE75416C1701F3C7007E8B8A /* Debug */,
				CE75416D1701F3C7007E8B8A /* Release */,
			);
			defaultConfigurationIsVisible = 0;
			defaultConfigurationName = Release;
		};
		CE75416E1701F3C7007E8B8A /* Build configuration list for PBXNativeTarget "browser" */ = {
			isa = XCConfigurationList;
			buildConfigurations = (
				CE75416F1701F3C7007E8B8A /* Debug */,
				CE7541701701F3C7007E8B8A /* Release */,
			);
			defaultConfigurationIsVisible = 0;
		};
/* End XCConfigurationList section */
	};
	rootObject = CE75413E1701F3C7007E8B8A /* Project object */;
}
